// !$*UTF8*$!
{
	archiveVersion = 1;
	classes = {
	};
	objectVersion = 77;
	objects = {

/* Begin PBXBuildFile section */
		EFC855412CCD133A00937CED /* CameraView.swift in Sources */ = {isa = PBXBuildFile; fileRef = EFC855402CCD133A00937CED /* CameraView.swift */; };
		EFC855432CCD133E00937CED /* CameraViewModel.swift in Sources */ = {isa = PBXBuildFile; fileRef = EFC855422CCD133E00937CED /* CameraViewModel.swift */; };
/* End PBXBuildFile section */

/* Begin PBXContainerItemProxy section */
		EFC855242CCD132100937CED /* PBXContainerItemProxy */ = {
			isa = PBXContainerItemProxy;
			containerPortal = EFC8550B2CCD132000937CED /* Project object */;
			proxyType = 1;
			remoteGlobalIDString = EFC855122CCD132000937CED;
			remoteInfo = SimpleFusionCam;
		};
		EFC8552E2CCD132100937CED /* PBXContainerItemProxy */ = {
			isa = PBXContainerItemProxy;
			containerPortal = EFC8550B2CCD132000937CED /* Project object */;
			proxyType = 1;
			remoteGlobalIDString = EFC855122CCD132000937CED;
			remoteInfo = SimpleFusionCam;
		};
/* End PBXContainerItemProxy section */

/* Begin PBXFileReference section */
		EFC855132CCD132000937CED /* SimpleFusionCam.app */ = {isa = PBXFileReference; explicitFileType = wrapper.application; includeInIndex = 0; path = SimpleFusionCam.app; sourceTree = BUILT_PRODUCTS_DIR; };
		EFC855232CCD132100937CED /* SimpleFusionCamTests.xctest */ = {isa = PBXFileReference; explicitFileType = wrapper.cfbundle; includeInIndex = 0; path = SimpleFusionCamTests.xctest; sourceTree = BUILT_PRODUCTS_DIR; };
		EFC8552D2CCD132100937CED /* SimpleFusionCamUITests.xctest */ = {isa = PBXFileReference; explicitFileType = wrapper.cfbundle; includeInIndex = 0; path = SimpleFusionCamUITests.xctest; sourceTree = BUILT_PRODUCTS_DIR; };
		EFC855402CCD133A00937CED /* CameraView.swift */ = {isa = PBXFileReference; lastKnownFileType = sourcecode.swift; path = CameraView.swift; sourceTree = "<group>"; };
		EFC855422CCD133E00937CED /* CameraViewModel.swift */ = {isa = PBXFileReference; lastKnownFileType = sourcecode.swift; path = CameraViewModel.swift; sourceTree = "<group>"; };
/* End PBXFileReference section */

/* Begin PBXFileSystemSynchronizedRootGroup section */
		EFC855152CCD132000937CED /* SimpleFusionCam */ = {
			isa = PBXFileSystemSynchronizedRootGroup;
			path = SimpleFusionCam;
			sourceTree = "<group>";
		};
		EFC855262CCD132100937CED /* SimpleFusionCamTests */ = {
			isa = PBXFileSystemSynchronizedRootGroup;
			path = SimpleFusionCamTests;
			sourceTree = "<group>";
		};
		EFC855302CCD132100937CED /* SimpleFusionCamUITests */ = {
			isa = PBXFileSystemSynchronizedRootGroup;
			path = SimpleFusionCamUITests;
			sourceTree = "<group>";
		};
/* End PBXFileSystemSynchronizedRootGroup section */

/* Begin PBXFrameworksBuildPhase section */
		EFC855102CCD132000937CED /* Frameworks */ = {
			isa = PBXFrameworksBuildPhase;
			buildActionMask = 2147483647;
			files = (
			);
			runOnlyForDeploymentPostprocessing = 0;
		};
		EFC855202CCD132100937CED /* Frameworks */ = {
			isa = PBXFrameworksBuildPhase;
			buildActionMask = 2147483647;
			files = (
			);
			runOnlyForDeploymentPostprocessing = 0;
		};
		EFC8552A2CCD132100937CED /* Frameworks */ = {
			isa = PBXFrameworksBuildPhase;
			buildActionMask = 2147483647;
			files = (
			);
			runOnlyForDeploymentPostprocessing = 0;
		};
/* End PBXFrameworksBuildPhase section */

/* Begin PBXGroup section */
		EFC8550A2CCD132000937CED = {
			isa = PBXGroup;
			children = (
				EFC855422CCD133E00937CED /* CameraViewModel.swift */,
				EFC855402CCD133A00937CED /* CameraView.swift */,
				EFC855152CCD132000937CED /* SimpleFusionCam */,
				EFC855262CCD132100937CED /* SimpleFusionCamTests */,
				EFC855302CCD132100937CED /* SimpleFusionCamUITests */,
				EFC855142CCD132000937CED /* Products */,
			);
			sourceTree = "<group>";
		};
		EFC855142CCD132000937CED /* Products */ = {
			isa = PBXGroup;
			children = (
				EFC855132CCD132000937CED /* SimpleFusionCam.app */,
				EFC855232CCD132100937CED /* SimpleFusionCamTests.xctest */,
				EFC8552D2CCD132100937CED /* SimpleFusionCamUITests.xctest */,
			);
			name = Products;
			sourceTree = "<group>";
		};
/* End PBXGroup section */

/* Begin PBXNativeTarget section */
		EFC855122CCD132000937CED /* SimpleFusionCam */ = {
			isa = PBXNativeTarget;
			buildConfigurationList = EFC855372CCD132100937CED /* Build configuration list for PBXNativeTarget "SimpleFusionCam" */;
			buildPhases = (
				EFC8550F2CCD132000937CED /* Sources */,
				EFC855102CCD132000937CED /* Frameworks */,
				EFC855112CCD132000937CED /* Resources */,
			);
			buildRules = (
			);
			dependencies = (
			);
			fileSystemSynchronizedGroups = (
				EFC855152CCD132000937CED /* SimpleFusionCam */,
			);
			name = SimpleFusionCam;
			packageProductDependencies = (
			);
			productName = SimpleFusionCam;
			productReference = EFC855132CCD132000937CED /* SimpleFusionCam.app */;
			productType = "com.apple.product-type.application";
		};
		EFC855222CCD132100937CED /* SimpleFusionCamTests */ = {
			isa = PBXNativeTarget;
			buildConfigurationList = EFC8553A2CCD132100937CED /* Build configuration list for PBXNativeTarget "SimpleFusionCamTests" */;
			buildPhases = (
				EFC8551F2CCD132100937CED /* Sources */,
				EFC855202CCD132100937CED /* Frameworks */,
				EFC855212CCD132100937CED /* Resources */,
			);
			buildRules = (
			);
			dependencies = (
				EFC855252CCD132100937CED /* PBXTargetDependency */,
			);
			fileSystemSynchronizedGroups = (
				EFC855262CCD132100937CED /* SimpleFusionCamTests */,
			);
			name = SimpleFusionCamTests;
			packageProductDependencies = (
			);
			productName = SimpleFusionCamTests;
			productReference = EFC855232CCD132100937CED /* SimpleFusionCamTests.xctest */;
			productType = "com.apple.product-type.bundle.unit-test";
		};
		EFC8552C2CCD132100937CED /* SimpleFusionCamUITests */ = {
			isa = PBXNativeTarget;
			buildConfigurationList = EFC8553D2CCD132100937CED /* Build configuration list for PBXNativeTarget "SimpleFusionCamUITests" */;
			buildPhases = (
				EFC855292CCD132100937CED /* Sources */,
				EFC8552A2CCD132100937CED /* Frameworks */,
				EFC8552B2CCD132100937CED /* Resources */,
			);
			buildRules = (
			);
			dependencies = (
				EFC8552F2CCD132100937CED /* PBXTargetDependency */,
			);
			fileSystemSynchronizedGroups = (
				EFC855302CCD132100937CED /* SimpleFusionCamUITests */,
			);
			name = SimpleFusionCamUITests;
			packageProductDependencies = (
			);
			productName = SimpleFusionCamUITests;
			productReference = EFC8552D2CCD132100937CED /* SimpleFusionCamUITests.xctest */;
			productType = "com.apple.product-type.bundle.ui-testing";
		};
/* End PBXNativeTarget section */

/* Begin PBXProject section */
		EFC8550B2CCD132000937CED /* Project object */ = {
			isa = PBXProject;
			attributes = {
				BuildIndependentTargetsInParallel = 1;
				LastSwiftUpdateCheck = 1600;
				LastUpgradeCheck = 1600;
				TargetAttributes = {
					EFC855122CCD132000937CED = {
						CreatedOnToolsVersion = 16.0;
					};
					EFC855222CCD132100937CED = {
						CreatedOnToolsVersion = 16.0;
						TestTargetID = EFC855122CCD132000937CED;
					};
					EFC8552C2CCD132100937CED = {
						CreatedOnToolsVersion = 16.0;
						TestTargetID = EFC855122CCD132000937CED;
					};
				};
			};
			buildConfigurationList = EFC8550E2CCD132000937CED /* Build configuration list for PBXProject "SimpleFusionCam" */;
			developmentRegion = en;
			hasScannedForEncodings = 0;
			knownRegions = (
				en,
				Base,
			);
			mainGroup = EFC8550A2CCD132000937CED;
			minimizedProjectReferenceProxies = 1;
			preferredProjectObjectVersion = 77;
			productRefGroup = EFC855142CCD132000937CED /* Products */;
			projectDirPath = "";
			projectRoot = "";
			targets = (
				EFC855122CCD132000937CED /* SimpleFusionCam */,
				EFC855222CCD132100937CED /* SimpleFusionCamTests */,
				EFC8552C2CCD132100937CED /* SimpleFusionCamUITests */,
			);
		};
/* End PBXProject section */

/* Begin PBXResourcesBuildPhase section */
		EFC855112CCD132000937CED /* Resources */ = {
			isa = PBXResourcesBuildPhase;
			buildActionMask = 2147483647;
			files = (
			);
			runOnlyForDeploymentPostprocessing = 0;
		};
		EFC855212CCD132100937CED /* Resources */ = {
			isa = PBXResourcesBuildPhase;
			buildActionMask = 2147483647;
			files = (
			);
			runOnlyForDeploymentPostprocessing = 0;
		};
		EFC8552B2CCD132100937CED /* Resources */ = {
			isa = PBXResourcesBuildPhase;
			buildActionMask = 2147483647;
			files = (
			);
			runOnlyForDeploymentPostprocessing = 0;
		};
/* End PBXResourcesBuildPhase section */

/* Begin PBXSourcesBuildPhase section */
		EFC8550F2CCD132000937CED /* Sources */ = {
			isa = PBXSourcesBuildPhase;
			buildActionMask = 2147483647;
			files = (
				EFC855412CCD133A00937CED /* CameraView.swift in Sources */,
				EFC855432CCD133E00937CED /* CameraViewModel.swift in Sources */,
			);
			runOnlyForDeploymentPostprocessing = 0;
		};
		EFC8551F2CCD132100937CED /* Sources */ = {
			isa = PBXSourcesBuildPhase;
			buildActionMask = 2147483647;
			files = (
			);
			runOnlyForDeploymentPostprocessing = 0;
		};
		EFC855292CCD132100937CED /* Sources */ = {
			isa = PBXSourcesBuildPhase;
			buildActionMask = 2147483647;
			files = (
			);
			runOnlyForDeploymentPostprocessing = 0;
		};
/* End PBXSourcesBuildPhase section */

/* Begin PBXTargetDependency section */
		EFC855252CCD132100937CED /* PBXTargetDependency */ = {
			isa = PBXTargetDependency;
			target = EFC855122CCD132000937CED /* SimpleFusionCam */;
			targetProxy = EFC855242CCD132100937CED /* PBXContainerItemProxy */;
		};
		EFC8552F2CCD132100937CED /* PBXTargetDependency */ = {
			isa = PBXTargetDependency;
			target = EFC855122CCD132000937CED /* SimpleFusionCam */;
			targetProxy = EFC8552E2CCD132100937CED /* PBXContainerItemProxy */;
		};
/* End PBXTargetDependency section */

/* Begin XCBuildConfiguration section */
		EFC855352CCD132100937CED /* Debug */ = {
			isa = XCBuildConfiguration;
			buildSettings = {
				ALWAYS_SEARCH_USER_PATHS = NO;
				ASSETCATALOG_COMPILER_GENERATE_SWIFT_ASSET_SYMBOL_EXTENSIONS = YES;
				CLANG_ANALYZER_NONNULL = YES;
				CLANG_ANALYZER_NUMBER_OBJECT_CONVERSION = YES_AGGRESSIVE;
				CLANG_CXX_LANGUAGE_STANDARD = "gnu++20";
				CLANG_ENABLE_MODULES = YES;
				CLANG_ENABLE_OBJC_ARC = YES;
				CLANG_ENABLE_OBJC_WEAK = YES;
				CLANG_WARN_BLOCK_CAPTURE_AUTORELEASING = YES;
				CLANG_WARN_BOOL_CONVERSION = YES;
				CLANG_WARN_COMMA = YES;
				CLANG_WARN_CONSTANT_CONVERSION = YES;
				CLANG_WARN_DEPRECATED_OBJC_IMPLEMENTATIONS = YES;
				CLANG_WARN_DIRECT_OBJC_ISA_USAGE = YES_ERROR;
				CLANG_WARN_DOCUMENTATION_COMMENTS = YES;
				CLANG_WARN_EMPTY_BODY = YES;
				CLANG_WARN_ENUM_CONVERSION = YES;
				CLANG_WARN_INFINITE_RECURSION = YES;
				CLANG_WARN_INT_CONVERSION = YES;
				CLANG_WARN_NON_LITERAL_NULL_CONVERSION = YES;
				CLANG_WARN_OBJC_IMPLICIT_RETAIN_SELF = YES;
				CLANG_WARN_OBJC_LITERAL_CONVERSION = YES;
				CLANG_WARN_OBJC_ROOT_CLASS = YES_ERROR;
				CLANG_WARN_QUOTED_INCLUDE_IN_FRAMEWORK_HEADER = YES;
				CLANG_WARN_RANGE_LOOP_ANALYSIS = YES;
				CLANG_WARN_STRICT_PROTOTYPES = YES;
				CLANG_WARN_SUSPICIOUS_MOVE = YES;
				CLANG_WARN_UNGUARDED_AVAILABILITY = YES_AGGRESSIVE;
				CLANG_WARN_UNREACHABLE_CODE = YES;
				CLANG_WARN__DUPLICATE_METHOD_MATCH = YES;
				COPY_PHASE_STRIP = NO;
				DEBUG_INFORMATION_FORMAT = dwarf;
				ENABLE_STRICT_OBJC_MSGSEND = YES;
				ENABLE_TESTABILITY = YES;
				ENABLE_USER_SCRIPT_SANDBOXING = YES;
				GCC_C_LANGUAGE_STANDARD = gnu17;
				GCC_DYNAMIC_NO_PIC = NO;
				GCC_NO_COMMON_BLOCKS = YES;
				GCC_OPTIMIZATION_LEVEL = 0;
				GCC_PREPROCESSOR_DEFINITIONS = (
					"DEBUG=1",
					"$(inherited)",
				);
				GCC_WARN_64_TO_32_BIT_CONVERSION = YES;
				GCC_WARN_ABOUT_RETURN_TYPE = YES_ERROR;
				GCC_WARN_UNDECLARED_SELECTOR = YES;
				GCC_WARN_UNINITIALIZED_AUTOS = YES_AGGRESSIVE;
				GCC_WARN_UNUSED_FUNCTION = YES;
				GCC_WARN_UNUSED_VARIABLE = YES;
				IPHONEOS_DEPLOYMENT_TARGET = 18.0;
				LOCALIZATION_PREFERS_STRING_CATALOGS = YES;
				MTL_ENABLE_DEBUG_INFO = INCLUDE_SOURCE;
				MTL_FAST_MATH = YES;
				ONLY_ACTIVE_ARCH = YES;
				SDKROOT = iphoneos;
				SWIFT_ACTIVE_COMPILATION_CONDITIONS = "DEBUG $(inherited)";
				SWIFT_OPTIMIZATION_LEVEL = "-Onone";
			};
			name = Debug;
		};
		EFC855362CCD132100937CED /* Release */ = {
			isa = XCBuildConfiguration;
			buildSettings = {
				ALWAYS_SEARCH_USER_PATHS = NO;
				ASSETCATALOG_COMPILER_GENERATE_SWIFT_ASSET_SYMBOL_EXTENSIONS = YES;
				CLANG_ANALYZER_NONNULL = YES;
				CLANG_ANALYZER_NUMBER_OBJECT_CONVERSION = YES_AGGRESSIVE;
				CLANG_CXX_LANGUAGE_STANDARD = "gnu++20";
				CLANG_ENABLE_MODULES = YES;
				CLANG_ENABLE_OBJC_ARC = YES;
				CLANG_ENABLE_OBJC_WEAK = YES;
				CLANG_WARN_BLOCK_CAPTURE_AUTORELEASING = YES;
				CLANG_WARN_BOOL_CONVERSION = YES;
				CLANG_WARN_COMMA = YES;
				CLANG_WARN_CONSTANT_CONVERSION = YES;
				CLANG_WARN_DEPRECATED_OBJC_IMPLEMENTATIONS = YES;
				CLANG_WARN_DIRECT_OBJC_ISA_USAGE = YES_ERROR;
				CLANG_WARN_DOCUMENTATION_COMMENTS = YES;
				CLANG_WARN_EMPTY_BODY = YES;
				CLANG_WARN_ENUM_CONVERSION = YES;
				CLANG_WARN_INFINITE_RECURSION = YES;
				CLANG_WARN_INT_CONVERSION = YES;
				CLANG_WARN_NON_LITERAL_NULL_CONVERSION = YES;
				CLANG_WARN_OBJC_IMPLICIT_RETAIN_SELF = YES;
				CLANG_WARN_OBJC_LITERAL_CONVERSION = YES;
				CLANG_WARN_OBJC_ROOT_CLASS = YES_ERROR;
				CLANG_WARN_QUOTED_INCLUDE_IN_FRAMEWORK_HEADER = YES;
				CLANG_WARN_RANGE_LOOP_ANALYSIS = YES;
				CLANG_WARN_STRICT_PROTOTYPES = YES;
				CLANG_WARN_SUSPICIOUS_MOVE = YES;
				CLANG_WARN_UNGUARDED_AVAILABILITY = YES_AGGRESSIVE;
				CLANG_WARN_UNREACHABLE_CODE = YES;
				CLANG_WARN__DUPLICATE_METHOD_MATCH = YES;
				COPY_PHASE_STRIP = NO;
				DEBUG_INFORMATION_FORMAT = "dwarf-with-dsym";
				ENABLE_NS_ASSERTIONS = NO;
				ENABLE_STRICT_OBJC_MSGSEND = YES;
				ENABLE_USER_SCRIPT_SANDBOXING = YES;
				GCC_C_LANGUAGE_STANDARD = gnu17;
				GCC_NO_COMMON_BLOCKS = YES;
				GCC_WARN_64_TO_32_BIT_CONVERSION = YES;
				GCC_WARN_ABOUT_RETURN_TYPE = YES_ERROR;
				GCC_WARN_UNDECLARED_SELECTOR = YES;
				GCC_WARN_UNINITIALIZED_AUTOS = YES_AGGRESSIVE;
				GCC_WARN_UNUSED_FUNCTION = YES;
				GCC_WARN_UNUSED_VARIABLE = YES;
				IPHONEOS_DEPLOYMENT_TARGET = 18.0;
				LOCALIZATION_PREFERS_STRING_CATALOGS = YES;
				MTL_ENABLE_DEBUG_INFO = NO;
				MTL_FAST_MATH = YES;
				SDKROOT = iphoneos;
				SWIFT_COMPILATION_MODE = wholemodule;
				VALIDATE_PRODUCT = YES;
			};
			name = Release;
		};
		EFC855382CCD132100937CED /* Debug */ = {
			isa = XCBuildConfiguration;
			buildSettings = {
				ASSETCATALOG_COMPILER_APPICON_NAME = AppIcon;
				ASSETCATALOG_COMPILER_GLOBAL_ACCENT_COLOR_NAME = AccentColor;
				CODE_SIGN_STYLE = Automatic;
				CURRENT_PROJECT_VERSION = 1;
				DEVELOPMENT_ASSET_PATHS = "\"SimpleFusionCam/Preview Content\"";
				DEVELOPMENT_TEAM = 9D79AWT4TU;
				ENABLE_PREVIEWS = YES;
				GENERATE_INFOPLIST_FILE = YES;
				INFOPLIST_KEY_NSCameraUsageDescription = "take photo";
				INFOPLIST_KEY_NSPhotoLibraryAddUsageDescription = "save photo";
				INFOPLIST_KEY_NSPhotoLibraryUsageDescription = "save photo";
				INFOPLIST_KEY_UIApplicationSceneManifest_Generation = YES;
				INFOPLIST_KEY_UIApplicationSupportsIndirectInputEvents = YES;
				INFOPLIST_KEY_UILaunchScreen_Generation = YES;
				INFOPLIST_KEY_UISupportedInterfaceOrientations_iPad = "UIInterfaceOrientationPortrait UIInterfaceOrientationPortraitUpsideDown UIInterfaceOrientationLandscapeLeft UIInterfaceOrientationLandscapeRight";
				INFOPLIST_KEY_UISupportedInterfaceOrientations_iPhone = "UIInterfaceOrientationPortrait UIInterfaceOrientationLandscapeLeft UIInterfaceOrientationLandscapeRight";
				LD_RUNPATH_SEARCH_PATHS = (
					"$(inherited)",
					"@executable_path/Frameworks",
				);
				MARKETING_VERSION = 1.0;
				PRODUCT_BUNDLE_IDENTIFIER = com.halim.SimpleFusionCam;
				PRODUCT_NAME = "$(TARGET_NAME)";
				SWIFT_EMIT_LOC_STRINGS = YES;
				SWIFT_VERSION = 5.0;
				TARGETED_DEVICE_FAMILY = "1,2";
			};
			name = Debug;
		};
		EFC855392CCD132100937CED /* Release */ = {
			isa = XCBuildConfiguration;
			buildSettings = {
				ASSETCATALOG_COMPILER_APPICON_NAME = AppIcon;
				ASSETCATALOG_COMPILER_GLOBAL_ACCENT_COLOR_NAME = AccentColor;
				CODE_SIGN_STYLE = Automatic;
				CURRENT_PROJECT_VERSION = 1;
				DEVELOPMENT_ASSET_PATHS = "\"SimpleFusionCam/Preview Content\"";
				DEVELOPMENT_TEAM = 9D79AWT4TU;
				ENABLE_PREVIEWS = YES;
				GENERATE_INFOPLIST_FILE = YES;
				INFOPLIST_KEY_NSCameraUsageDescription = "take photo";
				INFOPLIST_KEY_NSPhotoLibraryAddUsageDescription = "save photo";
				INFOPLIST_KEY_NSPhotoLibraryUsageDescription = "save photo";
				INFOPLIST_KEY_UIApplicationSceneManifest_Generation = YES;
				INFOPLIST_KEY_UIApplicationSupportsIndirectInputEvents = YES;
				INFOPLIST_KEY_UILaunchScreen_Generation = YES;
				INFOPLIST_KEY_UISupportedInterfaceOrientations_iPad = "UIInterfaceOrientationPortrait UIInterfaceOrientationPortraitUpsideDown UIInterfaceOrientationLandscapeLeft UIInterfaceOrientationLandscapeRight";
				INFOPLIST_KEY_UISupportedInterfaceOrientations_iPhone = "UIInterfaceOrientationPortrait UIInterfaceOrientationLandscapeLeft UIInterfaceOrientationLandscapeRight";
				LD_RUNPATH_SEARCH_PATHS = (
					"$(inherited)",
					"@executable_path/Frameworks",
				);
				MARKETING_VERSION = 1.0;
				PRODUCT_BUNDLE_IDENTIFIER = com.halim.SimpleFusionCam;
				PRODUCT_NAME = "$(TARGET_NAME)";
				SWIFT_EMIT_LOC_STRINGS = YES;
				SWIFT_VERSION = 5.0;
				TARGETED_DEVICE_FAMILY = "1,2";
			};
			name = Release;
		};
		EFC8553B2CCD132100937CED /* Debug */ = {
			isa = XCBuildConfiguration;
			buildSettings = {
				BUNDLE_LOADER = "$(TEST_HOST)";
				CODE_SIGN_STYLE = Automatic;
				CURRENT_PROJECT_VERSION = 1;
				DEVELOPMENT_TEAM = 9D79AWT4TU;
				GENERATE_INFOPLIST_FILE = YES;
				IPHONEOS_DEPLOYMENT_TARGET = 18.0;
				MARKETING_VERSION = 1.0;
				PRODUCT_BUNDLE_IDENTIFIER = com.halim.SimpleFusionCamTests;
				PRODUCT_NAME = "$(TARGET_NAME)";
				SWIFT_EMIT_LOC_STRINGS = NO;
				SWIFT_VERSION = 5.0;
				TARGETED_DEVICE_FAMILY = "1,2";
				TEST_HOST = "$(BUILT_PRODUCTS_DIR)/SimpleFusionCam.app/$(BUNDLE_EXECUTABLE_FOLDER_PATH)/SimpleFusionCam";
			};
			name = Debug;
		};
		EFC8553C2CCD132100937CED /* Release */ = {
			isa = XCBuildConfiguration;
			buildSettings = {
				BUNDLE_LOADER = "$(TEST_HOST)";
				CODE_SIGN_STYLE = Automatic;
				CURRENT_PROJECT_VERSION = 1;
				DEVELOPMENT_TEAM = 9D79AWT4TU;
				GENERATE_INFOPLIST_FILE = YES;
				IPHONEOS_DEPLOYMENT_TARGET = 18.0;
				MARKETING_VERSION = 1.0;
				PRODUCT_BUNDLE_IDENTIFIER = com.halim.SimpleFusionCamTests;
				PRODUCT_NAME = "$(TARGET_NAME)";
				SWIFT_EMIT_LOC_STRINGS = NO;
				SWIFT_VERSION = 5.0;
				TARGETED_DEVICE_FAMILY = "1,2";
				TEST_HOST = "$(BUILT_PRODUCTS_DIR)/SimpleFusionCam.app/$(BUNDLE_EXECUTABLE_FOLDER_PATH)/SimpleFusionCam";
			};
			name = Release;
		};
		EFC8553E2CCD132100937CED /* Debug */ = {
			isa = XCBuildConfiguration;
			buildSettings = {
				CODE_SIGN_STYLE = Automatic;
				CURRENT_PROJECT_VERSION = 1;
				DEVELOPMENT_TEAM = 9D79AWT4TU;
				GENERATE_INFOPLIST_FILE = YES;
				MARKETING_VERSION = 1.0;
				PRODUCT_BUNDLE_IDENTIFIER = com.halim.SimpleFusionCamUITests;
				PRODUCT_NAME = "$(TARGET_NAME)";
				SWIFT_EMIT_LOC_STRINGS = NO;
				SWIFT_VERSION = 5.0;
				TARGETED_DEVICE_FAMILY = "1,2";
				TEST_TARGET_NAME = SimpleFusionCam;
			};
			name = Debug;
		};
		EFC8553F2CCD132100937CED /* Release */ = {
			isa = XCBuildConfiguration;
			buildSettings = {
				CODE_SIGN_STYLE = Automatic;
				CURRENT_PROJECT_VERSION = 1;
				DEVELOPMENT_TEAM = 9D79AWT4TU;
				GENERATE_INFOPLIST_FILE = YES;
				MARKETING_VERSION = 1.0;
				PRODUCT_BUNDLE_IDENTIFIER = com.halim.SimpleFusionCamUITests;
				PRODUCT_NAME = "$(TARGET_NAME)";
				SWIFT_EMIT_LOC_STRINGS = NO;
				SWIFT_VERSION = 5.0;
				TARGETED_DEVICE_FAMILY = "1,2";
				TEST_TARGET_NAME = SimpleFusionCam;
			};
			name = Release;
		};
/* End XCBuildConfiguration section */

/* Begin XCConfigurationList section */
		EFC8550E2CCD132000937CED /* Build configuration list for PBXProject "SimpleFusionCam" */ = {
			isa = XCConfigurationList;
			buildConfigurations = (
				EFC855352CCD132100937CED /* Debug */,
				EFC855362CCD132100937CED /* Release */,
			);
			defaultConfigurationIsVisible = 0;
			defaultConfigurationName = Release;
		};
		EFC855372CCD132100937CED /* Build configuration list for PBXNativeTarget "SimpleFusionCam" */ = {
			isa = XCConfigurationList;
			buildConfigurations = (
				EFC855382CCD132100937CED /* Debug */,
				EFC855392CCD132100937CED /* Release */,
			);
			defaultConfigurationIsVisible = 0;
			defaultConfigurationName = Release;
		};
		EFC8553A2CCD132100937CED /* Build configuration list for PBXNativeTarget "SimpleFusionCamTests" */ = {
			isa = XCConfigurationList;
			buildConfigurations = (
				EFC8553B2CCD132100937CED /* Debug */,
				EFC8553C2CCD132100937CED /* Release */,
			);
			defaultConfigurationIsVisible = 0;
			defaultConfigurationName = Release;
		};
		EFC8553D2CCD132100937CED /* Build configuration list for PBXNativeTarget "SimpleFusionCamUITests" */ = {
			isa = XCConfigurationList;
			buildConfigurations = (
				EFC8553E2CCD132100937CED /* Debug */,
				EFC8553F2CCD132100937CED /* Release */,
			);
			defaultConfigurationIsVisible = 0;
			defaultConfigurationName = Release;
		};
/* End XCConfigurationList section */
	};
	rootObject = EFC8550B2CCD132000937CED /* Project object */;
}
